// !$*UTF8*$!
{
	archiveVersion = 1;
	classes = {
	};
	objectVersion = 50;
	objects = {

/* Begin PBXBuildFile section */
		603B55DF21EBD26600E430AB /* Notes in Resources */ = {isa = PBXBuildFile; fileRef = 603B55DE21EBD26600E430AB /* Notes */; };
		603B55E121EBE0F200E430AB /* TripsTableViewCell.swift in Sources */ = {isa = PBXBuildFile; fileRef = 603B55E021EBE0F200E430AB /* TripsTableViewCell.swift */; };
		603B55E421EBF8A000E430AB /* UIViewExtensions.swift in Sources */ = {isa = PBXBuildFile; fileRef = 603B55E321EBF8A000E430AB /* UIViewExtensions.swift */; };
		603B55E721EBFBBD00E430AB /* Themes.swift in Sources */ = {isa = PBXBuildFile; fileRef = 603B55E621EBFBBD00E430AB /* Themes.swift */; };
		603B55EF21EBFC5700E430AB /* Heebo-Black.ttf in Resources */ = {isa = PBXBuildFile; fileRef = 603B55E821EBFC5700E430AB /* Heebo-Black.ttf */; };
		603B55F021EBFC5700E430AB /* Heebo-ExtraBold.ttf in Resources */ = {isa = PBXBuildFile; fileRef = 603B55E921EBFC5700E430AB /* Heebo-ExtraBold.ttf */; };
		603B55F121EBFC5700E430AB /* Heebo-Thin.ttf in Resources */ = {isa = PBXBuildFile; fileRef = 603B55EA21EBFC5700E430AB /* Heebo-Thin.ttf */; };
		603B55F221EBFC5700E430AB /* Heebo-Regular.ttf in Resources */ = {isa = PBXBuildFile; fileRef = 603B55EB21EBFC5700E430AB /* Heebo-Regular.ttf */; };
		603B55F321EBFC5700E430AB /* Heebo-Bold.ttf in Resources */ = {isa = PBXBuildFile; fileRef = 603B55EC21EBFC5700E430AB /* Heebo-Bold.ttf */; };
		603B55F421EBFC5700E430AB /* Heebo-Light.ttf in Resources */ = {isa = PBXBuildFile; fileRef = 603B55ED21EBFC5700E430AB /* Heebo-Light.ttf */; };
		603B55F521EBFC5700E430AB /* Heebo-Medium.ttf in Resources */ = {isa = PBXBuildFile; fileRef = 603B55EE21EBFC5700E430AB /* Heebo-Medium.ttf */; };
		606ACEA521D3069500CB0FDB /* AppDelegate.swift in Sources */ = {isa = PBXBuildFile; fileRef = 606ACEA421D3069500CB0FDB /* AppDelegate.swift */; };
		606ACEA721D3069500CB0FDB /* ViewController.swift in Sources */ = {isa = PBXBuildFile; fileRef = 606ACEA621D3069500CB0FDB /* ViewController.swift */; };
		606ACEAA21D3069500CB0FDB /* Main.storyboard in Resources */ = {isa = PBXBuildFile; fileRef = 606ACEA821D3069500CB0FDB /* Main.storyboard */; };
		606ACEAC21D3069500CB0FDB /* Assets.xcassets in Resources */ = {isa = PBXBuildFile; fileRef = 606ACEAB21D3069500CB0FDB /* Assets.xcassets */; };
		606ACEAF21D3069500CB0FDB /* LaunchScreen.storyboard in Resources */ = {isa = PBXBuildFile; fileRef = 606ACEAD21D3069500CB0FDB /* LaunchScreen.storyboard */; };
		60BACF1621D4508F0098B441 /* TripModel.swift in Sources */ = {isa = PBXBuildFile; fileRef = 60BACF1521D4508F0098B441 /* TripModel.swift */; };
		60BACF1821D450A00098B441 /* TripFunctions.swift in Sources */ = {isa = PBXBuildFile; fileRef = 60BACF1721D450A00098B441 /* TripFunctions.swift */; };
		60BACF1A21D453590098B441 /* Data.swift in Sources */ = {isa = PBXBuildFile; fileRef = 60BACF1921D453590098B441 /* Data.swift */; };
		60BACF1E21D462740098B441 /* TripsViewController.storyboard in Resources */ = {isa = PBXBuildFile; fileRef = 60BACF1D21D462740098B441 /* TripsViewController.storyboard */; };
		60BACF2021D4629D0098B441 /* TripsViewController.swift in Sources */ = {isa = PBXBuildFile; fileRef = 60BACF1F21D4629D0098B441 /* TripsViewController.swift */; };
/* End PBXBuildFile section */

/* Begin PBXFileReference section */
		603B55DE21EBD26600E430AB /* Notes */ = {isa = PBXFileReference; lastKnownFileType = text; path = Notes; sourceTree = "<group>"; };
		603B55E021EBE0F200E430AB /* TripsTableViewCell.swift */ = {isa = PBXFileReference; lastKnownFileType = sourcecode.swift; path = TripsTableViewCell.swift; sourceTree = "<group>"; };
		603B55E321EBF8A000E430AB /* UIViewExtensions.swift */ = {isa = PBXFileReference; lastKnownFileType = sourcecode.swift; path = UIViewExtensions.swift; sourceTree = "<group>"; };
		603B55E621EBFBBD00E430AB /* Themes.swift */ = {isa = PBXFileReference; lastKnownFileType = sourcecode.swift; path = Themes.swift; sourceTree = "<group>"; };
		603B55E821EBFC5700E430AB /* Heebo-Black.ttf */ = {isa = PBXFileReference; lastKnownFileType = file; path = "Heebo-Black.ttf"; sourceTree = "<group>"; };
		603B55E921EBFC5700E430AB /* Heebo-ExtraBold.ttf */ = {isa = PBXFileReference; lastKnownFileType = file; path = "Heebo-ExtraBold.ttf"; sourceTree = "<group>"; };
		603B55EA21EBFC5700E430AB /* Heebo-Thin.ttf */ = {isa = PBXFileReference; lastKnownFileType = file; path = "Heebo-Thin.ttf"; sourceTree = "<group>"; };
		603B55EB21EBFC5700E430AB /* Heebo-Regular.ttf */ = {isa = PBXFileReference; lastKnownFileType = file; path = "Heebo-Regular.ttf"; sourceTree = "<group>"; };
		603B55EC21EBFC5700E430AB /* Heebo-Bold.ttf */ = {isa = PBXFileReference; lastKnownFileType = file; path = "Heebo-Bold.ttf"; sourceTree = "<group>"; };
		603B55ED21EBFC5700E430AB /* Heebo-Light.ttf */ = {isa = PBXFileReference; lastKnownFileType = file; path = "Heebo-Light.ttf"; sourceTree = "<group>"; };
		603B55EE21EBFC5700E430AB /* Heebo-Medium.ttf */ = {isa = PBXFileReference; lastKnownFileType = file; path = "Heebo-Medium.ttf"; sourceTree = "<group>"; };
		606ACEA121D3069500CB0FDB /* TripApp.app */ = {isa = PBXFileReference; explicitFileType = wrapper.application; includeInIndex = 0; path = TripApp.app; sourceTree = BUILT_PRODUCTS_DIR; };
		606ACEA421D3069500CB0FDB /* AppDelegate.swift */ = {isa = PBXFileReference; lastKnownFileType = sourcecode.swift; path = AppDelegate.swift; sourceTree = "<group>"; };
		606ACEA621D3069500CB0FDB /* ViewController.swift */ = {isa = PBXFileReference; lastKnownFileType = sourcecode.swift; path = ViewController.swift; sourceTree = "<group>"; };
		606ACEA921D3069500CB0FDB /* Base */ = {isa = PBXFileReference; lastKnownFileType = file.storyboard; name = Base; path = Base.lproj/Main.storyboard; sourceTree = "<group>"; };
		606ACEAB21D3069500CB0FDB /* Assets.xcassets */ = {isa = PBXFileReference; lastKnownFileType = folder.assetcatalog; path = Assets.xcassets; sourceTree = "<group>"; };
		606ACEAE21D3069500CB0FDB /* Base */ = {isa = PBXFileReference; lastKnownFileType = file.storyboard; name = Base; path = Base.lproj/LaunchScreen.storyboard; sourceTree = "<group>"; };
		606ACEB021D3069500CB0FDB /* Info.plist */ = {isa = PBXFileReference; lastKnownFileType = text.plist.xml; path = Info.plist; sourceTree = "<group>"; };
		60BACF1521D4508F0098B441 /* TripModel.swift */ = {isa = PBXFileReference; lastKnownFileType = sourcecode.swift; path = TripModel.swift; sourceTree = "<group>"; };
		60BACF1721D450A00098B441 /* TripFunctions.swift */ = {isa = PBXFileReference; lastKnownFileType = sourcecode.swift; path = TripFunctions.swift; sourceTree = "<group>"; };
		60BACF1921D453590098B441 /* Data.swift */ = {isa = PBXFileReference; lastKnownFileType = sourcecode.swift; path = Data.swift; sourceTree = "<group>"; };
		60BACF1D21D462740098B441 /* TripsViewController.storyboard */ = {isa = PBXFileReference; lastKnownFileType = file.storyboard; path = TripsViewController.storyboard; sourceTree = "<group>"; };
		60BACF1F21D4629D0098B441 /* TripsViewController.swift */ = {isa = PBXFileReference; lastKnownFileType = sourcecode.swift; path = TripsViewController.swift; sourceTree = "<group>"; };
/* End PBXFileReference section */

/* Begin PBXFrameworksBuildPhase section */
		606ACE9E21D3069500CB0FDB /* Frameworks */ = {
			isa = PBXFrameworksBuildPhase;
			buildActionMask = 2147483647;
			files = (
			);
			runOnlyForDeploymentPostprocessing = 0;
		};
/* End PBXFrameworksBuildPhase section */

/* Begin PBXGroup section */
		603B55E221EBF86600E430AB /* Extensions */ = {
			isa = PBXGroup;
			children = (
				603B55E321EBF8A000E430AB /* UIViewExtensions.swift */,
			);
			path = Extensions;
			sourceTree = "<group>";
		};
		603B55E521EBFBB100E430AB /* Resources */ = {
			isa = PBXGroup;
			children = (
				603B55E821EBFC5700E430AB /* Heebo-Black.ttf */,
				603B55EC21EBFC5700E430AB /* Heebo-Bold.ttf */,
				603B55E921EBFC5700E430AB /* Heebo-ExtraBold.ttf */,
				603B55ED21EBFC5700E430AB /* Heebo-Light.ttf */,
				603B55EE21EBFC5700E430AB /* Heebo-Medium.ttf */,
				603B55EB21EBFC5700E430AB /* Heebo-Regular.ttf */,
				603B55EA21EBFC5700E430AB /* Heebo-Thin.ttf */,
				603B55E621EBFBBD00E430AB /* Themes.swift */,
			);
			path = Resources;
			sourceTree = "<group>";
		};
		606ACE9821D3069500CB0FDB = {
			isa = PBXGroup;
			children = (
				603B55DE21EBD26600E430AB /* Notes */,
				606ACEA321D3069500CB0FDB /* TripApp */,
				606ACEA221D3069500CB0FDB /* Products */,
			);
			sourceTree = "<group>";
		};
		606ACEA221D3069500CB0FDB /* Products */ = {
			isa = PBXGroup;
			children = (
				606ACEA121D3069500CB0FDB /* TripApp.app */,
			);
			name = Products;
			sourceTree = "<group>";
		};
		606ACEA321D3069500CB0FDB /* TripApp */ = {
			isa = PBXGroup;
			children = (
				606ACEA421D3069500CB0FDB /* AppDelegate.swift */,
				603B55E521EBFBB100E430AB /* Resources */,
				603B55E221EBF86600E430AB /* Extensions */,
				606ACEB621D4502400CB0FDB /* Model */,
				60BACF1B21D4616E0098B441 /* Views */,
				606ACEAB21D3069500CB0FDB /* Assets.xcassets */,
				606ACEA621D3069500CB0FDB /* ViewController.swift */,
				606ACEA821D3069500CB0FDB /* Main.storyboard */,
				606ACEAD21D3069500CB0FDB /* LaunchScreen.storyboard */,
				606ACEB021D3069500CB0FDB /* Info.plist */,
			);
			path = TripApp;
			sourceTree = "<group>";
		};
		606ACEB621D4502400CB0FDB /* Model */ = {
			isa = PBXGroup;
			children = (
				60BACF1921D453590098B441 /* Data.swift */,
				60BACF1421D4505D0098B441 /* Trip */,
			);
			path = Model;
			sourceTree = "<group>";
		};
		60BACF1421D4505D0098B441 /* Trip */ = {
			isa = PBXGroup;
			children = (
				60BACF1521D4508F0098B441 /* TripModel.swift */,
				60BACF1721D450A00098B441 /* TripFunctions.swift */,
			);
			path = Trip;
			sourceTree = "<group>";
		};
		60BACF1B21D4616E0098B441 /* Views */ = {
			isa = PBXGroup;
			children = (
				60BACF1C21D461810098B441 /* TripsViewController */,
			);
			path = Views;
			sourceTree = "<group>";
		};
		60BACF1C21D461810098B441 /* TripsViewController */ = {
			isa = PBXGroup;
			children = (
				60BACF1D21D462740098B441 /* TripsViewController.storyboard */,
				60BACF1F21D4629D0098B441 /* TripsViewController.swift */,
				603B55E021EBE0F200E430AB /* TripsTableViewCell.swift */,
			);
			path = TripsViewController;
			sourceTree = "<group>";
		};
/* End PBXGroup section */

/* Begin PBXNativeTarget section */
		606ACEA021D3069500CB0FDB /* TripApp */ = {
			isa = PBXNativeTarget;
			buildConfigurationList = 606ACEB321D3069500CB0FDB /* Build configuration list for PBXNativeTarget "TripApp" */;
			buildPhases = (
				606ACE9D21D3069500CB0FDB /* Sources */,
				606ACE9E21D3069500CB0FDB /* Frameworks */,
				606ACE9F21D3069500CB0FDB /* Resources */,
			);
			buildRules = (
			);
			dependencies = (
			);
			name = TripApp;
			productName = TripApp;
			productReference = 606ACEA121D3069500CB0FDB /* TripApp.app */;
			productType = "com.apple.product-type.application";
		};
/* End PBXNativeTarget section */

/* Begin PBXProject section */
		606ACE9921D3069500CB0FDB /* Project object */ = {
			isa = PBXProject;
			attributes = {
				LastSwiftUpdateCheck = 1010;
				LastUpgradeCheck = 1010;
				ORGANIZATIONNAME = "Shubhank Sahay Personal";
				TargetAttributes = {
					606ACEA021D3069500CB0FDB = {
						CreatedOnToolsVersion = 10.1;
					};
				};
			};
			buildConfigurationList = 606ACE9C21D3069500CB0FDB /* Build configuration list for PBXProject "TripApp" */;
			compatibilityVersion = "Xcode 9.3";
			developmentRegion = en;
			hasScannedForEncodings = 0;
			knownRegions = (
				en,
				Base,
			);
			mainGroup = 606ACE9821D3069500CB0FDB;
			productRefGroup = 606ACEA221D3069500CB0FDB /* Products */;
			projectDirPath = "";
			projectRoot = "";
			targets = (
				606ACEA021D3069500CB0FDB /* TripApp */,
			);
		};
/* End PBXProject section */

/* Begin PBXResourcesBuildPhase section */
		606ACE9F21D3069500CB0FDB /* Resources */ = {
			isa = PBXResourcesBuildPhase;
			buildActionMask = 2147483647;
			files = (
				603B55EF21EBFC5700E430AB /* Heebo-Black.ttf in Resources */,
				606ACEAF21D3069500CB0FDB /* LaunchScreen.storyboard in Resources */,
				603B55F021EBFC5700E430AB /* Heebo-ExtraBold.ttf in Resources */,
				603B55F421EBFC5700E430AB /* Heebo-Light.ttf in Resources */,
				603B55DF21EBD26600E430AB /* Notes in Resources */,
				603B55F221EBFC5700E430AB /* Heebo-Regular.ttf in Resources */,
				606ACEAC21D3069500CB0FDB /* Assets.xcassets in Resources */,
				603B55F121EBFC5700E430AB /* Heebo-Thin.ttf in Resources */,
				603B55F321EBFC5700E430AB /* Heebo-Bold.ttf in Resources */,
				603B55F521EBFC5700E430AB /* Heebo-Medium.ttf in Resources */,
				60BACF1E21D462740098B441 /* TripsViewController.storyboard in Resources */,
				606ACEAA21D3069500CB0FDB /* Main.storyboard in Resources */,
			);
			runOnlyForDeploymentPostprocessing = 0;
		};
/* End PBXResourcesBuildPhase section */

/* Begin PBXSourcesBuildPhase section */
		606ACE9D21D3069500CB0FDB /* Sources */ = {
			isa = PBXSourcesBuildPhase;
			buildActionMask = 2147483647;
			files = (
				606ACEA721D3069500CB0FDB /* ViewController.swift in Sources */,
				60BACF1A21D453590098B441 /* Data.swift in Sources */,
				603B55E421EBF8A000E430AB /* UIViewExtensions.swift in Sources */,
				606ACEA521D3069500CB0FDB /* AppDelegate.swift in Sources */,
				603B55E721EBFBBD00E430AB /* Themes.swift in Sources */,
				60BACF2021D4629D0098B441 /* TripsViewController.swift in Sources */,
				60BACF1821D450A00098B441 /* TripFunctions.swift in Sources */,
				603B55E121EBE0F200E430AB /* TripsTableViewCell.swift in Sources */,
				60BACF1621D4508F0098B441 /* TripModel.swift in Sources */,
			);
			runOnlyForDeploymentPostprocessing = 0;
		};
/* End PBXSourcesBuildPhase section */

/* Begin PBXVariantGroup section */
		606ACEA821D3069500CB0FDB /* Main.storyboard */ = {
			isa = PBXVariantGroup;
			children = (
				606ACEA921D3069500CB0FDB /* Base */,
			);
			name = Main.storyboard;
			sourceTree = "<group>";
		};
		606ACEAD21D3069500CB0FDB /* LaunchScreen.storyboard */ = {
			isa = PBXVariantGroup;
			children = (
				606ACEAE21D3069500CB0FDB /* Base */,
			);
			name = LaunchScreen.storyboard;
			sourceTree = "<group>";
		};
/* End PBXVariantGroup section */

/* Begin XCBuildConfiguration section */
		606ACEB121D3069500CB0FDB /* Debug */ = {
			isa = XCBuildConfiguration;
			buildSettings = {
				ALWAYS_SEARCH_USER_PATHS = NO;
				CLANG_ANALYZER_NONNULL = YES;
				CLANG_ANALYZER_NUMBER_OBJECT_CONVERSION = YES_AGGRESSIVE;
				CLANG_CXX_LANGUAGE_STANDARD = "gnu++14";
				CLANG_CXX_LIBRARY = "libc++";
				CLANG_ENABLE_MODULES = YES;
				CLANG_ENABLE_OBJC_ARC = YES;
				CLANG_ENABLE_OBJC_WEAK = YES;
				CLANG_WARN_BLOCK_CAPTURE_AUTORELEASING = YES;
				CLANG_WARN_BOOL_CONVERSION = YES;
				CLANG_WARN_COMMA = YES;
				CLANG_WARN_CONSTANT_CONVERSION = YES;
				CLANG_WARN_DEPRECATED_OBJC_IMPLEMENTATIONS = YES;
				CLANG_WARN_DIRECT_OBJC_ISA_USAGE = YES_ERROR;
				CLANG_WARN_DOCUMENTATION_COMMENTS = YES;
				CLANG_WARN_EMPTY_BODY = YES;
				CLANG_WARN_ENUM_CONVERSION = YES;
				CLANG_WARN_INFINITE_RECURSION = YES;
				CLANG_WARN_INT_CONVERSION = YES;
				CLANG_WARN_NON_LITERAL_NULL_CONVERSION = YES;
				CLANG_WARN_OBJC_IMPLICIT_RETAIN_SELF = YES;
				CLANG_WARN_OBJC_LITERAL_CONVERSION = YES;
				CLANG_WARN_OBJC_ROOT_CLASS = YES_ERROR;
				CLANG_WARN_RANGE_LOOP_ANALYSIS = YES;
				CLANG_WARN_STRICT_PROTOTYPES = YES;
				CLANG_WARN_SUSPICIOUS_MOVE = YES;
				CLANG_WARN_UNGUARDED_AVAILABILITY = YES_AGGRESSIVE;
				CLANG_WARN_UNREACHABLE_CODE = YES;
				CLANG_WARN__DUPLICATE_METHOD_MATCH = YES;
				CODE_SIGN_IDENTITY = "iPhone Developer";
				COPY_PHASE_STRIP = NO;
				DEBUG_INFORMATION_FORMAT = dwarf;
				ENABLE_STRICT_OBJC_MSGSEND = YES;
				ENABLE_TESTABILITY = YES;
				GCC_C_LANGUAGE_STANDARD = gnu11;
				GCC_DYNAMIC_NO_PIC = NO;
				GCC_NO_COMMON_BLOCKS = YES;
				GCC_OPTIMIZATION_LEVEL = 0;
				GCC_PREPROCESSOR_DEFINITIONS = (
					"DEBUG=1",
					"$(inherited)",
				);
				GCC_WARN_64_TO_32_BIT_CONVERSION = YES;
				GCC_WARN_ABOUT_RETURN_TYPE = YES_ERROR;
				GCC_WARN_UNDECLARED_SELECTOR = YES;
				GCC_WARN_UNINITIALIZED_AUTOS = YES_AGGRESSIVE;
				GCC_WARN_UNUSED_FUNCTION = YES;
				GCC_WARN_UNUSED_VARIABLE = YES;
				IPHONEOS_DEPLOYMENT_TARGET = 12.1;
				MTL_ENABLE_DEBUG_INFO = INCLUDE_SOURCE;
				MTL_FAST_MATH = YES;
				ONLY_ACTIVE_ARCH = YES;
				SDKROOT = iphoneos;
				SWIFT_ACTIVE_COMPILATION_CONDITIONS = DEBUG;
				SWIFT_OPTIMIZATION_LEVEL = "-Onone";
			};
			name = Debug;
		};
		606ACEB221D3069500CB0FDB /* Release */ = {
			isa = XCBuildConfiguration;
			buildSettings = {
				ALWAYS_SEARCH_USER_PATHS = NO;
				CLANG_ANALYZER_NONNULL = YES;
				CLANG_ANALYZER_NUMBER_OBJECT_CONVERSION = YES_AGGRESSIVE;
				CLANG_CXX_LANGUAGE_STANDARD = "gnu++14";
				CLANG_CXX_LIBRARY = "libc++";
				CLANG_ENABLE_MODULES = YES;
				CLANG_ENABLE_OBJC_ARC = YES;
				CLANG_ENABLE_OBJC_WEAK = YES;
				CLANG_WARN_BLOCK_CAPTURE_AUTORELEASING = YES;
				CLANG_WARN_BOOL_CONVERSION = YES;
				CLANG_WARN_COMMA = YES;
				CLANG_WARN_CONSTANT_CONVERSION = YES;
				CLANG_WARN_DEPRECATED_OBJC_IMPLEMENTATIONS = YES;
				CLANG_WARN_DIRECT_OBJC_ISA_USAGE = YES_ERROR;
				CLANG_WARN_DOCUMENTATION_COMMENTS = YES;
				CLANG_WARN_EMPTY_BODY = YES;
				CLANG_WARN_ENUM_CONVERSION = YES;
				CLANG_WARN_INFINITE_RECURSION = YES;
				CLANG_WARN_INT_CONVERSION = YES;
				CLANG_WARN_NON_LITERAL_NULL_CONVERSION = YES;
				CLANG_WARN_OBJC_IMPLICIT_RETAIN_SELF = YES;
				CLANG_WARN_OBJC_LITERAL_CONVERSION = YES;
				CLANG_WARN_OBJC_ROOT_CLASS = YES_ERROR;
				CLANG_WARN_RANGE_LOOP_ANALYSIS = YES;
				CLANG_WARN_STRICT_PROTOTYPES = YES;
				CLANG_WARN_SUSPICIOUS_MOVE = YES;
				CLANG_WARN_UNGUARDED_AVAILABILITY = YES_AGGRESSIVE;
				CLANG_WARN_UNREACHABLE_CODE = YES;
				CLANG_WARN__DUPLICATE_METHOD_MATCH = YES;
				CODE_SIGN_IDENTITY = "iPhone Developer";
				COPY_PHASE_STRIP = NO;
				DEBUG_INFORMATION_FORMAT = "dwarf-with-dsym";
				ENABLE_NS_ASSERTIONS = NO;
				ENABLE_STRICT_OBJC_MSGSEND = YES;
				GCC_C_LANGUAGE_STANDARD = gnu11;
				GCC_NO_COMMON_BLOCKS = YES;
				GCC_WARN_64_TO_32_BIT_CONVERSION = YES;
				GCC_WARN_ABOUT_RETURN_TYPE = YES_ERROR;
				GCC_WARN_UNDECLARED_SELECTOR = YES;
				GCC_WARN_UNINITIALIZED_AUTOS = YES_AGGRESSIVE;
				GCC_WARN_UNUSED_FUNCTION = YES;
				GCC_WARN_UNUSED_VARIABLE = YES;
				IPHONEOS_DEPLOYMENT_TARGET = 12.1;
				MTL_ENABLE_DEBUG_INFO = NO;
				MTL_FAST_MATH = YES;
				SDKROOT = iphoneos;
				SWIFT_COMPILATION_MODE = wholemodule;
				SWIFT_OPTIMIZATION_LEVEL = "-O";
				VALIDATE_PRODUCT = YES;
			};
			name = Release;
		};
		606ACEB421D3069500CB0FDB /* Debug */ = {
			isa = XCBuildConfiguration;
			buildSettings = {
				ASSETCATALOG_COMPILER_APPICON_NAME = AppIcon;
				CODE_SIGN_STYLE = Automatic;
				INFOPLIST_FILE = TripApp/Info.plist;
				LD_RUNPATH_SEARCH_PATHS = (
					"$(inherited)",
					"@executable_path/Frameworks",
				);
				PRODUCT_BUNDLE_IDENTIFIER = com.shubhanksahay.TripApp;
				PRODUCT_NAME = "$(TARGET_NAME)";
				SWIFT_VERSION = 4.2;
				TARGETED_DEVICE_FAMILY = "1,2";
			};
			name = Debug;
		};
		606ACEB521D3069500CB0FDB /* Release */ = {
			isa = XCBuildConfiguration;
			buildSettings = {
				ASSETCATALOG_COMPILER_APPICON_NAME = AppIcon;
				CODE_SIGN_STYLE = Automatic;
				INFOPLIST_FILE = TripApp/Info.plist;
				LD_RUNPATH_SEARCH_PATHS = (
					"$(inherited)",
					"@executable_path/Frameworks",
				);
				PRODUCT_BUNDLE_IDENTIFIER = com.shubhanksahay.TripApp;
				PRODUCT_NAME = "$(TARGET_NAME)";
				SWIFT_VERSION = 4.2;
				TARGETED_DEVICE_FAMILY = "1,2";
			};
			name = Release;
		};
/* End XCBuildConfiguration section */

/* Begin XCConfigurationList section */
		606ACE9C21D3069500CB0FDB /* Build configuration list for PBXProject "TripApp" */ = {
			isa = XCConfigurationList;
			buildConfigurations = (
				606ACEB121D3069500CB0FDB /* Debug */,
				606ACEB221D3069500CB0FDB /* Release */,
			);
			defaultConfigurationIsVisible = 0;
			defaultConfigurationName = Release;
		};
		606ACEB321D3069500CB0FDB /* Build configuration list for PBXNativeTarget "TripApp" */ = {
			isa = XCConfigurationList;
			buildConfigurations = (
				606ACEB421D3069500CB0FDB /* Debug */,
				606ACEB521D3069500CB0FDB /* Release */,
			);
			defaultConfigurationIsVisible = 0;
			defaultConfigurationName = Release;
		};
/* End XCConfigurationList section */
	};
	rootObject = 606ACE9921D3069500CB0FDB /* Project object */;
}
